{
  "version": 4,
  "terraform_version": "1.4.6",
  "serial": 14,
  "lineage": "ad45a9bd-aedc-c152-d460-d5225ed44c1e",
  "outputs": {},
  "resources": [
    {
      "mode": "managed",
      "type": "azurerm_linux_virtual_machine",
      "name": "vm-example-cloud",
      "provider": "provider[\"registry.terraform.io/hashicorp/azurerm\"]",
      "instances": [
        {
          "schema_version": 0,
          "attributes": {
            "additional_capabilities": [],
            "admin_password": "Teste@1234!",
            "admin_ssh_key": [],
            "admin_username": "adminuser",
            "allow_extension_operations": true,
            "availability_set_id": "",
            "boot_diagnostics": [],
            "capacity_reservation_group_id": "",
            "computer_name": "vm-example-cloud",
            "custom_data": null,
            "dedicated_host_group_id": "",
            "dedicated_host_id": "",
            "disable_password_authentication": false,
            "edge_zone": "",
            "encryption_at_host_enabled": false,
            "eviction_policy": "",
            "extensions_time_budget": "PT1H30M",
            "gallery_application": [],
            "id": "/subscriptions/502e257e-6056-4ed6-bd3c-c2096b536095/resourceGroups/rg-example-cloud/providers/Microsoft.Compute/virtualMachines/vm-example-cloud",
            "identity": [],
            "license_type": "",
            "location": "eastus",
            "max_bid_price": -1,
            "name": "vm-example-cloud",
            "network_interface_ids": [
              "/subscriptions/502e257e-6056-4ed6-bd3c-c2096b536095/resourceGroups/rg-example-cloud/providers/Microsoft.Network/networkInterfaces/nic-example-cloud"
            ],
            "os_disk": [
              {
                "caching": "ReadWrite",
                "diff_disk_settings": [],
                "disk_encryption_set_id": "",
                "disk_size_gb": 30,
                "name": "vm-example-cloud_OsDisk_1_2f74d4d6a9ca4413ac937ed609f24241",
                "secure_vm_disk_encryption_set_id": "",
                "security_encryption_type": "",
                "storage_account_type": "Standard_LRS",
                "write_accelerator_enabled": false
              }
            ],
            "patch_assessment_mode": "ImageDefault",
            "patch_mode": "ImageDefault",
            "plan": [],
            "platform_fault_domain": -1,
            "priority": "Regular",
            "private_ip_address": "10.0.1.4",
            "private_ip_addresses": [
              "10.0.1.4"
            ],
            "provision_vm_agent": true,
            "proximity_placement_group_id": "",
            "public_ip_address": "52.188.160.66",
            "public_ip_addresses": [
              "52.188.160.66"
            ],
            "resource_group_name": "rg-example-cloud",
            "secret": [],
            "secure_boot_enabled": false,
            "size": "Standard_DS1_v2",
            "source_image_id": "",
            "source_image_reference": [
              {
                "offer": "UbuntuServer",
                "publisher": "Canonical",
                "sku": "18.04-LTS",
                "version": "latest"
              }
            ],
            "tags": {},
            "termination_notification": [],
            "timeouts": null,
            "user_data": "",
            "virtual_machine_id": "8dddaf78-cab8-4779-8a98-ed65094f98e0",
            "virtual_machine_scale_set_id": "",
            "vtpm_enabled": false,
            "zone": ""
          },
          "sensitive_attributes": [],
          "private": "eyJlMmJmYjczMC1lY2FhLTExZTYtOGY4OC0zNDM2M2JjN2M0YzAiOnsiY3JlYXRlIjoyNzAwMDAwMDAwMDAwLCJkZWxldGUiOjI3MDAwMDAwMDAwMDAsInJlYWQiOjMwMDAwMDAwMDAwMCwidXBkYXRlIjoyNzAwMDAwMDAwMDAwfX0=",
          "dependencies": [
            "azurerm_network_interface.nic-example-cloud",
            "azurerm_public_ip.ip-example-cloud",
            "azurerm_resource_group.rg-example-cloud",
            "azurerm_subnet.sub-example-cloud",
            "azurerm_virtual_network.vnet-example-cloud"
          ]
        }
      ]
    },
    {
      "mode": "managed",
      "type": "azurerm_network_interface",
      "name": "nic-example-cloud",
      "provider": "provider[\"registry.terraform.io/hashicorp/azurerm\"]",
      "instances": [
        {
          "schema_version": 0,
          "attributes": {
            "applied_dns_servers": [],
            "dns_servers": [],
            "edge_zone": "",
            "enable_accelerated_networking": false,
            "enable_ip_forwarding": false,
            "id": "/subscriptions/502e257e-6056-4ed6-bd3c-c2096b536095/resourceGroups/rg-example-cloud/providers/Microsoft.Network/networkInterfaces/nic-example-cloud",
            "internal_dns_name_label": "",
            "internal_domain_name_suffix": "kznqhhdshdpelhjphtyfd5jrme.bx.internal.cloudapp.net",
            "ip_configuration": [
              {
                "gateway_load_balancer_frontend_ip_configuration_id": "",
                "name": "internal",
                "primary": true,
                "private_ip_address": "10.0.1.4",
                "private_ip_address_allocation": "Dynamic",
                "private_ip_address_version": "IPv4",
                "public_ip_address_id": "/subscriptions/502e257e-6056-4ed6-bd3c-c2096b536095/resourceGroups/rg-example-cloud/providers/Microsoft.Network/publicIPAddresses/ip-example-cloud",
                "subnet_id": "/subscriptions/502e257e-6056-4ed6-bd3c-c2096b536095/resourceGroups/rg-example-cloud/providers/Microsoft.Network/virtualNetworks/vnet-example-cloud/subnets/sub-example-cloud"
              }
            ],
            "location": "eastus",
            "mac_address": "00-0D-3A-17-08-98",
            "name": "nic-example-cloud",
            "private_ip_address": "10.0.1.4",
            "private_ip_addresses": [
              "10.0.1.4"
            ],
            "resource_group_name": "rg-example-cloud",
            "tags": {},
            "timeouts": null,
            "virtual_machine_id": "/subscriptions/502e257e-6056-4ed6-bd3c-c2096b536095/resourceGroups/rg-example-cloud/providers/Microsoft.Compute/virtualMachines/vm-example-cloud"
          },
          "sensitive_attributes": [],
          "private": "eyJlMmJmYjczMC1lY2FhLTExZTYtOGY4OC0zNDM2M2JjN2M0YzAiOnsiY3JlYXRlIjoxODAwMDAwMDAwMDAwLCJkZWxldGUiOjE4MDAwMDAwMDAwMDAsInJlYWQiOjMwMDAwMDAwMDAwMCwidXBkYXRlIjoxODAwMDAwMDAwMDAwfX0=",
          "dependencies": [
            "azurerm_public_ip.ip-example-cloud",
            "azurerm_resource_group.rg-example-cloud",
            "azurerm_subnet.sub-example-cloud",
            "azurerm_virtual_network.vnet-example-cloud"
          ]
        }
      ]
    },
    {
      "mode": "managed",
      "type": "azurerm_network_interface_security_group_association",
      "name": "nic-nsg-example-cloud",
      "provider": "provider[\"registry.terraform.io/hashicorp/azurerm\"]",
      "instances": [
        {
          "schema_version": 0,
          "attributes": {
            "id": "/subscriptions/502e257e-6056-4ed6-bd3c-c2096b536095/resourceGroups/rg-example-cloud/providers/Microsoft.Network/networkInterfaces/nic-example-cloud|/subscriptions/502e257e-6056-4ed6-bd3c-c2096b536095/resourceGroups/rg-example-cloud/providers/Microsoft.Network/networkSecurityGroups/nsg-example-cloud",
            "network_interface_id": "/subscriptions/502e257e-6056-4ed6-bd3c-c2096b536095/resourceGroups/rg-example-cloud/providers/Microsoft.Network/networkInterfaces/nic-example-cloud",
            "network_security_group_id": "/subscriptions/502e257e-6056-4ed6-bd3c-c2096b536095/resourceGroups/rg-example-cloud/providers/Microsoft.Network/networkSecurityGroups/nsg-example-cloud",
            "timeouts": null
          },
          "sensitive_attributes": [],
          "private": "eyJlMmJmYjczMC1lY2FhLTExZTYtOGY4OC0zNDM2M2JjN2M0YzAiOnsiY3JlYXRlIjoxODAwMDAwMDAwMDAwLCJkZWxldGUiOjE4MDAwMDAwMDAwMDAsInJlYWQiOjMwMDAwMDAwMDAwMCwidXBkYXRlIjoxODAwMDAwMDAwMDAwfX0=",
          "dependencies": [
            "azurerm_network_interface.nic-example-cloud",
            "azurerm_network_security_group.nsg-example-cloud",
            "azurerm_public_ip.ip-example-cloud",
            "azurerm_resource_group.rg-example-cloud",
            "azurerm_subnet.sub-example-cloud",
            "azurerm_virtual_network.vnet-example-cloud"
          ]
        }
      ]
    },
    {
      "mode": "managed",
      "type": "azurerm_network_security_group",
      "name": "nsg-example-cloud",
      "provider": "provider[\"registry.terraform.io/hashicorp/azurerm\"]",
      "instances": [
        {
          "schema_version": 0,
          "attributes": {
            "id": "/subscriptions/502e257e-6056-4ed6-bd3c-c2096b536095/resourceGroups/rg-example-cloud/providers/Microsoft.Network/networkSecurityGroups/nsg-example-cloud",
            "location": "eastus",
            "name": "nsg-example-cloud",
            "resource_group_name": "rg-example-cloud",
            "security_rule": [
              {
                "access": "Allow",
                "description": "",
                "destination_address_prefix": "*",
                "destination_address_prefixes": [],
                "destination_application_security_group_ids": [],
                "destination_port_range": "80",
                "destination_port_ranges": [],
                "direction": "Inbound",
                "name": "web",
                "priority": 1001,
                "protocol": "Tcp",
                "source_address_prefix": "*",
                "source_address_prefixes": [],
                "source_application_security_group_ids": [],
                "source_port_range": "*",
                "source_port_ranges": []
              },
              {
                "access": "Allow",
                "description": null,
                "destination_address_prefix": "*",
                "destination_address_prefixes": [],
                "destination_application_security_group_ids": [],
                "destination_port_range": "22",
                "destination_port_ranges": [],
                "direction": "Inbound",
                "name": "test123",
                "priority": 100,
                "protocol": "Tcp",
                "source_address_prefix": "*",
                "source_address_prefixes": [],
                "source_application_security_group_ids": [],
                "source_port_range": "*",
                "source_port_ranges": []
              }
            ],
            "tags": {
              "environment": "Production"
            },
            "timeouts": null
          },
          "sensitive_attributes": [],
          "private": "eyJlMmJmYjczMC1lY2FhLTExZTYtOGY4OC0zNDM2M2JjN2M0YzAiOnsiY3JlYXRlIjoxODAwMDAwMDAwMDAwLCJkZWxldGUiOjE4MDAwMDAwMDAwMDAsInJlYWQiOjMwMDAwMDAwMDAwMCwidXBkYXRlIjoxODAwMDAwMDAwMDAwfX0=",
          "dependencies": [
            "azurerm_resource_group.rg-example-cloud"
          ]
        }
      ]
    },
    {
      "mode": "managed",
      "type": "azurerm_public_ip",
      "name": "ip-example-cloud",
      "provider": "provider[\"registry.terraform.io/hashicorp/azurerm\"]",
      "instances": [
        {
          "schema_version": 0,
          "attributes": {
            "allocation_method": "Static",
            "ddos_protection_mode": "VirtualNetworkInherited",
            "ddos_protection_plan_id": null,
            "domain_name_label": null,
            "edge_zone": "",
            "fqdn": null,
            "id": "/subscriptions/502e257e-6056-4ed6-bd3c-c2096b536095/resourceGroups/rg-example-cloud/providers/Microsoft.Network/publicIPAddresses/ip-example-cloud",
            "idle_timeout_in_minutes": 4,
            "ip_address": "52.188.160.66",
            "ip_tags": {},
            "ip_version": "IPv4",
            "location": "eastus",
            "name": "ip-example-cloud",
            "public_ip_prefix_id": null,
            "resource_group_name": "rg-example-cloud",
            "reverse_fqdn": null,
            "sku": "Basic",
            "sku_tier": "Regional",
            "tags": {
              "environment": "Production"
            },
            "timeouts": null,
            "zones": []
          },
          "sensitive_attributes": [],
          "private": "eyJlMmJmYjczMC1lY2FhLTExZTYtOGY4OC0zNDM2M2JjN2M0YzAiOnsiY3JlYXRlIjoxODAwMDAwMDAwMDAwLCJkZWxldGUiOjE4MDAwMDAwMDAwMDAsInJlYWQiOjMwMDAwMDAwMDAwMCwidXBkYXRlIjoxODAwMDAwMDAwMDAwfX0=",
          "dependencies": [
            "azurerm_resource_group.rg-example-cloud"
          ]
        }
      ]
    },
    {
      "mode": "managed",
      "type": "azurerm_resource_group",
      "name": "rg-example-cloud",
      "provider": "provider[\"registry.terraform.io/hashicorp/azurerm\"]",
      "instances": [
        {
          "schema_version": 0,
          "attributes": {
            "id": "/subscriptions/502e257e-6056-4ed6-bd3c-c2096b536095/resourceGroups/rg-example-cloud",
            "location": "eastus",
            "name": "rg-example-cloud",
            "tags": {},
            "timeouts": null
          },
          "sensitive_attributes": [],
          "private": "eyJlMmJmYjczMC1lY2FhLTExZTYtOGY4OC0zNDM2M2JjN2M0YzAiOnsiY3JlYXRlIjo1NDAwMDAwMDAwMDAwLCJkZWxldGUiOjU0MDAwMDAwMDAwMDAsInJlYWQiOjMwMDAwMDAwMDAwMCwidXBkYXRlIjo1NDAwMDAwMDAwMDAwfX0="
        }
      ]
    },
    {
      "mode": "managed",
      "type": "azurerm_subnet",
      "name": "sub-example-cloud",
      "provider": "provider[\"registry.terraform.io/hashicorp/azurerm\"]",
      "instances": [
        {
          "schema_version": 0,
          "attributes": {
            "address_prefixes": [
              "10.0.1.0/24"
            ],
            "delegation": [],
            "enforce_private_link_endpoint_network_policies": false,
            "enforce_private_link_service_network_policies": false,
            "id": "/subscriptions/502e257e-6056-4ed6-bd3c-c2096b536095/resourceGroups/rg-example-cloud/providers/Microsoft.Network/virtualNetworks/vnet-example-cloud/subnets/sub-example-cloud",
            "name": "sub-example-cloud",
            "private_endpoint_network_policies_enabled": true,
            "private_link_service_network_policies_enabled": true,
            "resource_group_name": "rg-example-cloud",
            "service_endpoint_policy_ids": [],
            "service_endpoints": [],
            "timeouts": null,
            "virtual_network_name": "vnet-example-cloud"
          },
          "sensitive_attributes": [],
          "private": "eyJlMmJmYjczMC1lY2FhLTExZTYtOGY4OC0zNDM2M2JjN2M0YzAiOnsiY3JlYXRlIjoxODAwMDAwMDAwMDAwLCJkZWxldGUiOjE4MDAwMDAwMDAwMDAsInJlYWQiOjMwMDAwMDAwMDAwMCwidXBkYXRlIjoxODAwMDAwMDAwMDAwfX0=",
          "dependencies": [
            "azurerm_resource_group.rg-example-cloud",
            "azurerm_virtual_network.vnet-example-cloud"
          ]
        }
      ]
    },
    {
      "mode": "managed",
      "type": "azurerm_virtual_network",
      "name": "vnet-example-cloud",
      "provider": "provider[\"registry.terraform.io/hashicorp/azurerm\"]",
      "instances": [
        {
          "schema_version": 0,
          "attributes": {
            "address_space": [
              "10.0.0.0/16"
            ],
            "bgp_community": "",
            "ddos_protection_plan": [],
            "dns_servers": [],
            "edge_zone": "",
            "flow_timeout_in_minutes": 0,
            "guid": "9c035b56-3872-45de-9d2f-3cf051fd3164",
            "id": "/subscriptions/502e257e-6056-4ed6-bd3c-c2096b536095/resourceGroups/rg-example-cloud/providers/Microsoft.Network/virtualNetworks/vnet-example-cloud",
            "location": "eastus",
            "name": "vnet-example-cloud",
            "resource_group_name": "rg-example-cloud",
            "subnet": [
              {
                "address_prefix": "10.0.1.0/24",
                "id": "/subscriptions/502e257e-6056-4ed6-bd3c-c2096b536095/resourceGroups/rg-example-cloud/providers/Microsoft.Network/virtualNetworks/vnet-example-cloud/subnets/sub-example-cloud",
                "name": "sub-example-cloud",
                "security_group": ""
              }
            ],
            "tags": {
              "environment": "Production",
              "faculdade": "Impacta"
            },
            "timeouts": null
          },
          "sensitive_attributes": [],
          "private": "eyJlMmJmYjczMC1lY2FhLTExZTYtOGY4OC0zNDM2M2JjN2M0YzAiOnsiY3JlYXRlIjoxODAwMDAwMDAwMDAwLCJkZWxldGUiOjE4MDAwMDAwMDAwMDAsInJlYWQiOjMwMDAwMDAwMDAwMCwidXBkYXRlIjoxODAwMDAwMDAwMDAwfX0=",
          "dependencies": [
            "azurerm_resource_group.rg-example-cloud"
          ]
        }
      ]
    }
  ],
  "check_results": null
}
